// !$*UTF8*$!
{
	archiveVersion = 1;
	classes = {
	};
	objectVersion = 77;
	objects = {

/* Begin PBXBuildFile section */
		0324F3721AAE50650FAA2130 /* WindowFollowingPreferences.swift in Sources */ = {isa = PBXBuildFile; fileRef = C8EF462D6DF607F186DFF063 /* WindowFollowingPreferences.swift */; };
		06FF249CF73ABA9AFC9DAAB5 /* HaloPresentationModel.swift in Sources */ = {isa = PBXBuildFile; fileRef = 30A1747435125A348828A345 /* HaloPresentationModel.swift */; };
		07DC8F21E84C010449858D59 /* WindowFollowingModelsTests.swift in Sources */ = {isa = PBXBuildFile; fileRef = 604DA30ACBFED09B1C88E181 /* WindowFollowingModelsTests.swift */; };
		171B9C8965C06CA84D826CE4 /* PetHaloApp.swift in Sources */ = {isa = PBXBuildFile; fileRef = C2D8C3263630349D92C95DE2 /* PetHaloApp.swift */; };
		18BF5FABFA1AA1392FF0FBEA /* UsageModels.swift in Sources */ = {isa = PBXBuildFile; fileRef = 1796734DF0D23BDDEC73973A /* UsageModels.swift */; };
		1989C171DE35638239CEFDB5 /* AppDelegate.swift in Sources */ = {isa = PBXBuildFile; fileRef = 53D191FCB6E05C2EDFDD855C /* AppDelegate.swift */; };
		22F9A2E954B2016416E2BA64 /* JSONLFramerTests.swift in Sources */ = {isa = PBXBuildFile; fileRef = 155ECFB494EA4A907BF68C97 /* JSONLFramerTests.swift */; };
		277EB1F0053224E5DAB1DC9C /* ApplicationCoordinatorTests.swift in Sources */ = {isa = PBXBuildFile; fileRef = 63D18F2C37C1D3D8A7A9C808 /* ApplicationCoordinatorTests.swift */; };
		29E17286FD2FA6A43597418D /* JSONValue.swift in Sources */ = {isa = PBXBuildFile; fileRef = E3CA016E9DEE0A716E42CABD /* JSONValue.swift */; };
		2DF328ADE99FFFADADBBA921 /* CodexExecutableLocatorTests.swift in Sources */ = {isa = PBXBuildFile; fileRef = BAF07A981EDA69C43A5C99A2 /* CodexExecutableLocatorTests.swift */; };
		2E0AB5518FA0B350AD39B425 /* HaloView.swift in Sources */ = {isa = PBXBuildFile; fileRef = 88966A37DE9DA522A564D8C2 /* HaloView.swift */; };
		3D5DCA9A5E3DFAB51BE9D536 /* PetHaloCore.framework in Embed Frameworks */ = {isa = PBXBuildFile; fileRef = 31E285D59ED6AC3404B469E7 /* PetHaloCore.framework */; settings = {ATTRIBUTES = (CodeSignOnCopy, RemoveHeadersOnCopy, ); }; };
		5059C97F0934FB6D1E3EDAFD /* HaloPanel.swift in Sources */ = {isa = PBXBuildFile; fileRef = CF530A39D0726A73894FBBCD /* HaloPanel.swift */; };
		56C0090D0694F70E7A0A0235 /* JSONRPCClient.swift in Sources */ = {isa = PBXBuildFile; fileRef = 44D0290C78C6A5EE7675F17E /* JSONRPCClient.swift */; };
		6098B69858EB884122CECCC8 /* CodexAppServerProcessTests.swift in Sources */ = {isa = PBXBuildFile; fileRef = FA3E4DFDEC40E481489464C6 /* CodexAppServerProcessTests.swift */; };
		664E75B91E5405A2F5C1467C /* WindowFollowingServiceTests.swift in Sources */ = {isa = PBXBuildFile; fileRef = 6E15F4363FF1EFB921617997 /* WindowFollowingServiceTests.swift */; };
		6DF192CC2CB5DA0986C4A0A9 /* ApplicationMenuModel.swift in Sources */ = {isa = PBXBuildFile; fileRef = 5FCA91196BF97C117A6CE257 /* ApplicationMenuModel.swift */; };
		711A8ABD501119D8AF2ADF46 /* HaloAccessibilityTests.swift in Sources */ = {isa = PBXBuildFile; fileRef = 2FF5A8C4E94A3AE44C68AF30 /* HaloAccessibilityTests.swift */; };
		73DEC04D011B8B201B7CD3DE /* PetHaloCore.framework in Frameworks */ = {isa = PBXBuildFile; fileRef = 31E285D59ED6AC3404B469E7 /* PetHaloCore.framework */; };
		79194AD7CDE5DA712CCCE378 /* HaloPanelController.swift in Sources */ = {isa = PBXBuildFile; fileRef = B79DFED08033272655037ED5 /* HaloPanelController.swift */; };
		84BF97788759A2E86556F248 /* HaloExpandedView.swift in Sources */ = {isa = PBXBuildFile; fileRef = 79DB39BA2C79C7F61966EFC7 /* HaloExpandedView.swift */; };
		87EB7A8D40582EB085B22FA9 /* CodexProtocolCompatibility.swift in Sources */ = {isa = PBXBuildFile; fileRef = B336F289A511EC4583E9A267 /* CodexProtocolCompatibility.swift */; };
		8CBEED4568B022F8F1FC9A4F /* RealCodexSmokeTests.swift in Sources */ = {isa = PBXBuildFile; fileRef = BD8F4A86160AFA059EB3FF32 /* RealCodexSmokeTests.swift */; };
		95C38E0BF2EAD5A51FF92659 /* JSONRPCClientTests.swift in Sources */ = {isa = PBXBuildFile; fileRef = 6D91BC5FBCA2A93BA35D6400 /* JSONRPCClientTests.swift */; };
		9AF8ABE12EA2B676FB68B516 /* AppVersionTests.swift in Sources */ = {isa = PBXBuildFile; fileRef = 6F7170282579DD382F1DE12F /* AppVersionTests.swift */; };
		9E4B2229D6BA2D232D11CDE3 /* HaloPresentationMapperTests.swift in Sources */ = {isa = PBXBuildFile; fileRef = 5788F94CC23AF66494992A09 /* HaloPresentationMapperTests.swift */; };
		A3B0A5F98A48C63479A9750B /* fake_app_server.py in Resources */ = {isa = PBXBuildFile; fileRef = 564D571EA9AE99D8DB0DB512 /* fake_app_server.py */; };
		A68F15C9B4840A0FDEEF24EE /* CodexProtocolDTOs.swift in Sources */ = {isa = PBXBuildFile; fileRef = B4A3F8DF27D6125D701EA440 /* CodexProtocolDTOs.swift */; };
		A90187110799104E26965052 /* WindowFollowingSystemTests.swift in Sources */ = {isa = PBXBuildFile; fileRef = C1DD2417C6933AE8E16A4D68 /* WindowFollowingSystemTests.swift */; };
		ACBB2FC8FA0B41B6934FD0E5 /* CodexUsageServiceTests.swift in Sources */ = {isa = PBXBuildFile; fileRef = B83A95766F449B64D80D63C1 /* CodexUsageServiceTests.swift */; };
		AE3B8D535C6E223A5AFF1A6A /* ApplicationCoordinator.swift in Sources */ = {isa = PBXBuildFile; fileRef = F55331779FEB25CD5A3B9912 /* ApplicationCoordinator.swift */; };
		AEB5A21C391F288A8542FE6D /* UsageModelsTests.swift in Sources */ = {isa = PBXBuildFile; fileRef = D7AC9DBB942D9C5D65550E7F /* UsageModelsTests.swift */; };
		B019390F2CB3AFFC26C82128 /* CodexUsageService.swift in Sources */ = {isa = PBXBuildFile; fileRef = 59D323BA311C25ABC5C4EE14 /* CodexUsageService.swift */; };
		B8C05825FDF8E1EFF062AFED /* JSONLFramer.swift in Sources */ = {isa = PBXBuildFile; fileRef = 57A8A9107A340EC6D416F711 /* JSONLFramer.swift */; };
		BDB8F8E7A3D150F459B932D9 /* SystemWindowFollowing.swift in Sources */ = {isa = PBXBuildFile; fileRef = 0E7FB4ADDC2F920A77C7B6AC /* SystemWindowFollowing.swift */; };
		C176F4228526AF251652C480 /* HaloPresentationMapper.swift in Sources */ = {isa = PBXBuildFile; fileRef = 8E9AD2D98394E507F7140539 /* HaloPresentationMapper.swift */; };
		CCC001B991CD1BDECCF7D095 /* HaloCompactView.swift in Sources */ = {isa = PBXBuildFile; fileRef = ED1ACAAEB08A3B1E076B246A /* HaloCompactView.swift */; };
		CE8B089F62BD2B4E093BB7F9 /* PetHaloCore.framework in Embed Frameworks */ = {isa = PBXBuildFile; fileRef = 31E285D59ED6AC3404B469E7 /* PetHaloCore.framework */; settings = {ATTRIBUTES = (CodeSignOnCopy, RemoveHeadersOnCopy, ); }; };
		D2FFBE559B6AB8DB3A6695E8 /* CodexExecutableLocator.swift in Sources */ = {isa = PBXBuildFile; fileRef = 568D215FDD28F3C6E9B9345B /* CodexExecutableLocator.swift */; };
		DDD45601CDD8492D15B983F2 /* CodexAppServerProcess.swift in Sources */ = {isa = PBXBuildFile; fileRef = EE3BC6DE90D0B5E074A272EF /* CodexAppServerProcess.swift */; };
		DDFCF83D34A93E9EAD1F0A03 /* HaloPanelTests.swift in Sources */ = {isa = PBXBuildFile; fileRef = 21E19CCC1190F7201522B1EA /* HaloPanelTests.swift */; };
		EACA08B2BF7B74CE4252E07F /* AppVersion.swift in Sources */ = {isa = PBXBuildFile; fileRef = 46B738427C1831977BD2BC5E /* AppVersion.swift */; };
		ECAD4B41C98C961FF9B0B64C /* HaloAccessibility.swift in Sources */ = {isa = PBXBuildFile; fileRef = FA44F384E73BA7EC21079D05 /* HaloAccessibility.swift */; };
		ED0211E6E8C738879E6036A0 /* WindowFollowingModels.swift in Sources */ = {isa = PBXBuildFile; fileRef = 536E0F03E1EE78F2BEF06FA7 /* WindowFollowingModels.swift */; };
		F224D94140A1796351A75894 /* PetHaloCore.framework in Frameworks */ = {isa = PBXBuildFile; fileRef = 31E285D59ED6AC3404B469E7 /* PetHaloCore.framework */; };
		F5DC611B834CA8FE1E64014D /* WindowFollowingService.swift in Sources */ = {isa = PBXBuildFile; fileRef = 35AFD2CD8C45A1680B00269C /* WindowFollowingService.swift */; };
		FEA6A99B54F0D33C0EC13A45 /* HaloPresentationMode.swift in Sources */ = {isa = PBXBuildFile; fileRef = 86A525637B5693F3FDA11F32 /* HaloPresentationMode.swift */; };
/* End PBXBuildFile section */

/* Begin PBXContainerItemProxy section */
		353FD8C22171FACB7EA1EA57 /* PBXContainerItemProxy */ = {
			isa = PBXContainerItemProxy;
			containerPortal = 9F67A9BD9A3E7711A3FE43F7 /* Project object */;
			proxyType = 1;
			remoteGlobalIDString = BCB68AFB4B488FA0991EB9DC;
			remoteInfo = PetHaloCore;
		};
		B1651BA2A50F794A9B4E1057 /* PBXContainerItemProxy */ = {
			isa = PBXContainerItemProxy;
			containerPortal = 9F67A9BD9A3E7711A3FE43F7 /* Project object */;
			proxyType = 1;
			remoteGlobalIDString = A264EF8D58E7D5DC6BDB9DE7;
			remoteInfo = PetHalo;
		};
		E8AF75ED3461290306F24134 /* PBXContainerItemProxy */ = {
			isa = PBXContainerItemProxy;
			containerPortal = 9F67A9BD9A3E7711A3FE43F7 /* Project object */;
			proxyType = 1;
			remoteGlobalIDString = BCB68AFB4B488FA0991EB9DC;
			remoteInfo = PetHaloCore;
		};
/* End PBXContainerItemProxy section */

/* Begin PBXCopyFilesBuildPhase section */
		2C2AEA19E77B0DDA344AF2CF /* Embed Frameworks */ = {
			isa = PBXCopyFilesBuildPhase;
			buildActionMask = 2147483647;
			dstPath = "";
			dstSubfolderSpec = 10;
			files = (
				3D5DCA9A5E3DFAB51BE9D536 /* PetHaloCore.framework in Embed Frameworks */,
			);
			name = "Embed Frameworks";
			runOnlyForDeploymentPostprocessing = 0;
		};
		BEDB4408C3B2E609011D3710 /* Embed Frameworks */ = {
			isa = PBXCopyFilesBuildPhase;
			buildActionMask = 2147483647;
			dstPath = "";
			dstSubfolderSpec = 10;
			files = (
				CE8B089F62BD2B4E093BB7F9 /* PetHaloCore.framework in Embed Frameworks */,
			);
			name = "Embed Frameworks";
			runOnlyForDeploymentPostprocessing = 0;
		};
/* End PBXCopyFilesBuildPhase section */

/* Begin PBXFileReference section */
		0E7FB4ADDC2F920A77C7B6AC /* SystemWindowFollowing.swift */ = {isa = PBXFileReference; lastKnownFileType = sourcecode.swift; path = SystemWindowFollowing.swift; sourceTree = "<group>"; };
		155ECFB494EA4A907BF68C97 /* JSONLFramerTests.swift */ = {isa = PBXFileReference; lastKnownFileType = sourcecode.swift; path = JSONLFramerTests.swift; sourceTree = "<group>"; };
		1796734DF0D23BDDEC73973A /* UsageModels.swift */ = {isa = PBXFileReference; lastKnownFileType = sourcecode.swift; path = UsageModels.swift; sourceTree = "<group>"; };
		1992ED33BCBCA92C41D8691B /* PetHaloTests.xctest */ = {isa = PBXFileReference; explicitFileType = wrapper.cfbundle; includeInIndex = 0; path = PetHaloTests.xctest; sourceTree = BUILT_PRODUCTS_DIR; };
		21E19CCC1190F7201522B1EA /* HaloPanelTests.swift */ = {isa = PBXFileReference; lastKnownFileType = sourcecode.swift; path = HaloPanelTests.swift; sourceTree = "<group>"; };
		2FF5A8C4E94A3AE44C68AF30 /* HaloAccessibilityTests.swift */ = {isa = PBXFileReference; lastKnownFileType = sourcecode.swift; path = HaloAccessibilityTests.swift; sourceTree = "<group>"; };
		30A1747435125A348828A345 /* HaloPresentationModel.swift */ = {isa = PBXFileReference; lastKnownFileType = sourcecode.swift; path = HaloPresentationModel.swift; sourceTree = "<group>"; };
		31E285D59ED6AC3404B469E7 /* PetHaloCore.framework */ = {isa = PBXFileReference; explicitFileType = wrapper.framework; includeInIndex = 0; path = PetHaloCore.framework; sourceTree = BUILT_PRODUCTS_DIR; };
		35AFD2CD8C45A1680B00269C /* WindowFollowingService.swift */ = {isa = PBXFileReference; lastKnownFileType = sourcecode.swift; path = WindowFollowingService.swift; sourceTree = "<group>"; };
		44D0290C78C6A5EE7675F17E /* JSONRPCClient.swift */ = {isa = PBXFileReference; lastKnownFileType = sourcecode.swift; path = JSONRPCClient.swift; sourceTree = "<group>"; };
		46B738427C1831977BD2BC5E /* AppVersion.swift */ = {isa = PBXFileReference; lastKnownFileType = sourcecode.swift; path = AppVersion.swift; sourceTree = "<group>"; };
		536E0F03E1EE78F2BEF06FA7 /* WindowFollowingModels.swift */ = {isa = PBXFileReference; lastKnownFileType = sourcecode.swift; path = WindowFollowingModels.swift; sourceTree = "<group>"; };
		53D191FCB6E05C2EDFDD855C /* AppDelegate.swift */ = {isa = PBXFileReference; lastKnownFileType = sourcecode.swift; path = AppDelegate.swift; sourceTree = "<group>"; };
		564D571EA9AE99D8DB0DB512 /* fake_app_server.py */ = {isa = PBXFileReference; lastKnownFileType = text.script.python; path = fake_app_server.py; sourceTree = "<group>"; };
		568D215FDD28F3C6E9B9345B /* CodexExecutableLocator.swift */ = {isa = PBXFileReference; lastKnownFileType = sourcecode.swift; path = CodexExecutableLocator.swift; sourceTree = "<group>"; };
		5788F94CC23AF66494992A09 /* HaloPresentationMapperTests.swift */ = {isa = PBXFileReference; lastKnownFileType = sourcecode.swift; path = HaloPresentationMapperTests.swift; sourceTree = "<group>"; };
		57A8A9107A340EC6D416F711 /* JSONLFramer.swift */ = {isa = PBXFileReference; lastKnownFileType = sourcecode.swift; path = JSONLFramer.swift; sourceTree = "<group>"; };
		59D323BA311C25ABC5C4EE14 /* CodexUsageService.swift */ = {isa = PBXFileReference; lastKnownFileType = sourcecode.swift; path = CodexUsageService.swift; sourceTree = "<group>"; };
		5FCA91196BF97C117A6CE257 /* ApplicationMenuModel.swift */ = {isa = PBXFileReference; lastKnownFileType = sourcecode.swift; path = ApplicationMenuModel.swift; sourceTree = "<group>"; };
		604DA30ACBFED09B1C88E181 /* WindowFollowingModelsTests.swift */ = {isa = PBXFileReference; lastKnownFileType = sourcecode.swift; path = WindowFollowingModelsTests.swift; sourceTree = "<group>"; };
		63D18F2C37C1D3D8A7A9C808 /* ApplicationCoordinatorTests.swift */ = {isa = PBXFileReference; lastKnownFileType = sourcecode.swift; path = ApplicationCoordinatorTests.swift; sourceTree = "<group>"; };
		6D91BC5FBCA2A93BA35D6400 /* JSONRPCClientTests.swift */ = {isa = PBXFileReference; lastKnownFileType = sourcecode.swift; path = JSONRPCClientTests.swift; sourceTree = "<group>"; };
		6E15F4363FF1EFB921617997 /* WindowFollowingServiceTests.swift */ = {isa = PBXFileReference; lastKnownFileType = sourcecode.swift; path = WindowFollowingServiceTests.swift; sourceTree = "<group>"; };
		6F7170282579DD382F1DE12F /* AppVersionTests.swift */ = {isa = PBXFileReference; lastKnownFileType = sourcecode.swift; path = AppVersionTests.swift; sourceTree = "<group>"; };
		79DB39BA2C79C7F61966EFC7 /* HaloExpandedView.swift */ = {isa = PBXFileReference; lastKnownFileType = sourcecode.swift; path = HaloExpandedView.swift; sourceTree = "<group>"; };
		7AF1978CC2FC88E214BCA7F9 /* PetHaloCoreTests.xctest */ = {isa = PBXFileReference; explicitFileType = wrapper.cfbundle; includeInIndex = 0; path = PetHaloCoreTests.xctest; sourceTree = BUILT_PRODUCTS_DIR; };
		86A525637B5693F3FDA11F32 /* HaloPresentationMode.swift */ = {isa = PBXFileReference; lastKnownFileType = sourcecode.swift; path = HaloPresentationMode.swift; sourceTree = "<group>"; };
		88966A37DE9DA522A564D8C2 /* HaloView.swift */ = {isa = PBXFileReference; lastKnownFileType = sourcecode.swift; path = HaloView.swift; sourceTree = "<group>"; };
		8E9AD2D98394E507F7140539 /* HaloPresentationMapper.swift */ = {isa = PBXFileReference; lastKnownFileType = sourcecode.swift; path = HaloPresentationMapper.swift; sourceTree = "<group>"; };
		94248589065E76AD0F4ED8AC /* Pet Halo.app */ = {isa = PBXFileReference; explicitFileType = wrapper.application; includeInIndex = 0; path = "Pet Halo.app"; sourceTree = BUILT_PRODUCTS_DIR; };
		B336F289A511EC4583E9A267 /* CodexProtocolCompatibility.swift */ = {isa = PBXFileReference; lastKnownFileType = sourcecode.swift; path = CodexProtocolCompatibility.swift; sourceTree = "<group>"; };
		B4A3F8DF27D6125D701EA440 /* CodexProtocolDTOs.swift */ = {isa = PBXFileReference; lastKnownFileType = sourcecode.swift; path = CodexProtocolDTOs.swift; sourceTree = "<group>"; };
		B79DFED08033272655037ED5 /* HaloPanelController.swift */ = {isa = PBXFileReference; lastKnownFileType = sourcecode.swift; path = HaloPanelController.swift; sourceTree = "<group>"; };
		B83A95766F449B64D80D63C1 /* CodexUsageServiceTests.swift */ = {isa = PBXFileReference; lastKnownFileType = sourcecode.swift; path = CodexUsageServiceTests.swift; sourceTree = "<group>"; };
		BAF07A981EDA69C43A5C99A2 /* CodexExecutableLocatorTests.swift */ = {isa = PBXFileReference; lastKnownFileType = sourcecode.swift; path = CodexExecutableLocatorTests.swift; sourceTree = "<group>"; };
		BD8F4A86160AFA059EB3FF32 /* RealCodexSmokeTests.swift */ = {isa = PBXFileReference; lastKnownFileType = sourcecode.swift; path = RealCodexSmokeTests.swift; sourceTree = "<group>"; };
		C1DD2417C6933AE8E16A4D68 /* WindowFollowingSystemTests.swift */ = {isa = PBXFileReference; lastKnownFileType = sourcecode.swift; path = WindowFollowingSystemTests.swift; sourceTree = "<group>"; };
		C2D8C3263630349D92C95DE2 /* PetHaloApp.swift */ = {isa = PBXFileReference; lastKnownFileType = sourcecode.swift; path = PetHaloApp.swift; sourceTree = "<group>"; };
		C8EF462D6DF607F186DFF063 /* WindowFollowingPreferences.swift */ = {isa = PBXFileReference; lastKnownFileType = sourcecode.swift; path = WindowFollowingPreferences.swift; sourceTree = "<group>"; };
		CF530A39D0726A73894FBBCD /* HaloPanel.swift */ = {isa = PBXFileReference; lastKnownFileType = sourcecode.swift; path = HaloPanel.swift; sourceTree = "<group>"; };
		D7AC9DBB942D9C5D65550E7F /* UsageModelsTests.swift */ = {isa = PBXFileReference; lastKnownFileType = sourcecode.swift; path = UsageModelsTests.swift; sourceTree = "<group>"; };
		E3CA016E9DEE0A716E42CABD /* JSONValue.swift */ = {isa = PBXFileReference; lastKnownFileType = sourcecode.swift; path = JSONValue.swift; sourceTree = "<group>"; };
		ED1ACAAEB08A3B1E076B246A /* HaloCompactView.swift */ = {isa = PBXFileReference; lastKnownFileType = sourcecode.swift; path = HaloCompactView.swift; sourceTree = "<group>"; };
		EE3BC6DE90D0B5E074A272EF /* CodexAppServerProcess.swift */ = {isa = PBXFileReference; lastKnownFileType = sourcecode.swift; path = CodexAppServerProcess.swift; sourceTree = "<group>"; };
		F55331779FEB25CD5A3B9912 /* ApplicationCoordinator.swift */ = {isa = PBXFileReference; lastKnownFileType = sourcecode.swift; path = ApplicationCoordinator.swift; sourceTree = "<group>"; };
		FA3E4DFDEC40E481489464C6 /* CodexAppServerProcessTests.swift */ = {isa = PBXFileReference; lastKnownFileType = sourcecode.swift; path = CodexAppServerProcessTests.swift; sourceTree = "<group>"; };
		FA44F384E73BA7EC21079D05 /* HaloAccessibility.swift */ = {isa = PBXFileReference; lastKnownFileType = sourcecode.swift; path = HaloAccessibility.swift; sourceTree = "<group>"; };
/* End PBXFileReference section */

/* Begin PBXFrameworksBuildPhase section */
		C5A52B16FD9250885DB22D9B /* Frameworks */ = {
			isa = PBXFrameworksBuildPhase;
			buildActionMask = 2147483647;
			files = (
				F224D94140A1796351A75894 /* PetHaloCore.framework in Frameworks */,
			);
			runOnlyForDeploymentPostprocessing = 0;
		};
		ED4DBAF26EC929D7E4F8C032 /* Frameworks */ = {
			isa = PBXFrameworksBuildPhase;
			buildActionMask = 2147483647;
			files = (
				73DEC04D011B8B201B7CD3DE /* PetHaloCore.framework in Frameworks */,
			);
			runOnlyForDeploymentPostprocessing = 0;
		};
/* End PBXFrameworksBuildPhase section */

/* Begin PBXGroup section */
		01C16F01B0ED0BCC64F9FB84 /* Process */ = {
			isa = PBXGroup;
			children = (
				FA3E4DFDEC40E481489464C6 /* CodexAppServerProcessTests.swift */,
			);
			path = Process;
			sourceTree = "<group>";
		};
		0A61941C0C9F45CDBEEB3C00 /* JSONRPC */ = {
			isa = PBXGroup;
			children = (
				57A8A9107A340EC6D416F711 /* JSONLFramer.swift */,
				44D0290C78C6A5EE7675F17E /* JSONRPCClient.swift */,
				E3CA016E9DEE0A716E42CABD /* JSONValue.swift */,
			);
			path = JSONRPC;
			sourceTree = "<group>";
		};
		121527520F79EE8894308AF0 /* Products */ = {
			isa = PBXGroup;
			children = (
				94248589065E76AD0F4ED8AC /* Pet Halo.app */,
				31E285D59ED6AC3404B469E7 /* PetHaloCore.framework */,
				7AF1978CC2FC88E214BCA7F9 /* PetHaloCoreTests.xctest */,
				1992ED33BCBCA92C41D8691B /* PetHaloTests.xctest */,
			);
			name = Products;
			sourceTree = "<group>";
		};
		18B716FB2A4FB2DE74284552 /* CodexBridge */ = {
			isa = PBXGroup;
			children = (
				DAD7DF34494DA8242C1A2C75 /* Compatibility */,
				C91128F93634008AA83C3C9B /* Executable */,
				0A61941C0C9F45CDBEEB3C00 /* JSONRPC */,
				AB8949FD0469F00233D52431 /* Process */,
				8C6C1089C4580C25849512CC /* Service */,
			);
			path = CodexBridge;
			sourceTree = "<group>";
		};
		3299203395420D946012FF4A /* Domain */ = {
			isa = PBXGroup;
			children = (
				D7AC9DBB942D9C5D65550E7F /* UsageModelsTests.swift */,
			);
			path = Domain;
			sourceTree = "<group>";
		};
		3F35DF196A48AD75C38838F4 /* Halo */ = {
			isa = PBXGroup;
			children = (
				FA44F384E73BA7EC21079D05 /* HaloAccessibility.swift */,
				ED1ACAAEB08A3B1E076B246A /* HaloCompactView.swift */,
				79DB39BA2C79C7F61966EFC7 /* HaloExpandedView.swift */,
				CF530A39D0726A73894FBBCD /* HaloPanel.swift */,
				B79DFED08033272655037ED5 /* HaloPanelController.swift */,
				8E9AD2D98394E507F7140539 /* HaloPresentationMapper.swift */,
				86A525637B5693F3FDA11F32 /* HaloPresentationMode.swift */,
				30A1747435125A348828A345 /* HaloPresentationModel.swift */,
				88966A37DE9DA522A564D8C2 /* HaloView.swift */,
			);
			path = Halo;
			sourceTree = "<group>";
		};
		4E8DB9DD68D6D3002F707E97 /* Domain */ = {
			isa = PBXGroup;
			children = (
				1796734DF0D23BDDEC73973A /* UsageModels.swift */,
			);
			path = Domain;
			sourceTree = "<group>";
		};
		5DD985D94E4A7165EBF7B022 /* PetHaloCoreTests */ = {
			isa = PBXGroup;
			children = (
				3299203395420D946012FF4A /* Domain */,
				78AA7558B3C15D9B3AE5BE1F /* Executable */,
				83207A563D2DEC8B0375B2CC /* Fixtures */,
				94022FE29F3D66E26AEB6693 /* JSONRPC */,
				01C16F01B0ED0BCC64F9FB84 /* Process */,
				C56B638019FEF08AFCD45DCE /* Service */,
			);
			path = PetHaloCoreTests;
			sourceTree = "<group>";
		};
		5E8828B04ABAFC529FAF2CF6 /* PetHaloCore */ = {
			isa = PBXGroup;
			children = (
				18B716FB2A4FB2DE74284552 /* CodexBridge */,
				4E8DB9DD68D6D3002F707E97 /* Domain */,
			);
			path = PetHaloCore;
			sourceTree = "<group>";
		};
		6D93A514CB5298F282799C65 /* MenuBar */ = {
			isa = PBXGroup;
			children = (
				5FCA91196BF97C117A6CE257 /* ApplicationMenuModel.swift */,
			);
			path = MenuBar;
			sourceTree = "<group>";
		};
		78AA7558B3C15D9B3AE5BE1F /* Executable */ = {
			isa = PBXGroup;
			children = (
				BAF07A981EDA69C43A5C99A2 /* CodexExecutableLocatorTests.swift */,
			);
			path = Executable;
			sourceTree = "<group>";
		};
		7BC81B05DBBB035934A21287 /* WindowFollowing */ = {
			isa = PBXGroup;
			children = (
				0E7FB4ADDC2F920A77C7B6AC /* SystemWindowFollowing.swift */,
				536E0F03E1EE78F2BEF06FA7 /* WindowFollowingModels.swift */,
				C8EF462D6DF607F186DFF063 /* WindowFollowingPreferences.swift */,
				35AFD2CD8C45A1680B00269C /* WindowFollowingService.swift */,
			);
			path = WindowFollowing;
			sourceTree = "<group>";
		};
		83207A563D2DEC8B0375B2CC /* Fixtures */ = {
			isa = PBXGroup;
			children = (
				564D571EA9AE99D8DB0DB512 /* fake_app_server.py */,
			);
			path = Fixtures;
			sourceTree = "<group>";
		};
		8C6C1089C4580C25849512CC /* Service */ = {
			isa = PBXGroup;
			children = (
				B4A3F8DF27D6125D701EA440 /* CodexProtocolDTOs.swift */,
				59D323BA311C25ABC5C4EE14 /* CodexUsageService.swift */,
			);
			path = Service;
			sourceTree = "<group>";
		};
		94022FE29F3D66E26AEB6693 /* JSONRPC */ = {
			isa = PBXGroup;
			children = (
				155ECFB494EA4A907BF68C97 /* JSONLFramerTests.swift */,
				6D91BC5FBCA2A93BA35D6400 /* JSONRPCClientTests.swift */,
			);
			path = JSONRPC;
			sourceTree = "<group>";
		};
		A738DD2FAB8806160AEB3098 /* PetHaloTests */ = {
			isa = PBXGroup;
			children = (
				63D18F2C37C1D3D8A7A9C808 /* ApplicationCoordinatorTests.swift */,
				6F7170282579DD382F1DE12F /* AppVersionTests.swift */,
				2FF5A8C4E94A3AE44C68AF30 /* HaloAccessibilityTests.swift */,
				21E19CCC1190F7201522B1EA /* HaloPanelTests.swift */,
				5788F94CC23AF66494992A09 /* HaloPresentationMapperTests.swift */,
				604DA30ACBFED09B1C88E181 /* WindowFollowingModelsTests.swift */,
				6E15F4363FF1EFB921617997 /* WindowFollowingServiceTests.swift */,
				C1DD2417C6933AE8E16A4D68 /* WindowFollowingSystemTests.swift */,
			);
			path = PetHaloTests;
			sourceTree = "<group>";
		};
		AB8949FD0469F00233D52431 /* Process */ = {
			isa = PBXGroup;
			children = (
				EE3BC6DE90D0B5E074A272EF /* CodexAppServerProcess.swift */,
			);
			path = Process;
			sourceTree = "<group>";
		};
		C56B638019FEF08AFCD45DCE /* Service */ = {
			isa = PBXGroup;
			children = (
				B83A95766F449B64D80D63C1 /* CodexUsageServiceTests.swift */,
				BD8F4A86160AFA059EB3FF32 /* RealCodexSmokeTests.swift */,
			);
			path = Service;
			sourceTree = "<group>";
		};
		C91128F93634008AA83C3C9B /* Executable */ = {
			isa = PBXGroup;
			children = (
				568D215FDD28F3C6E9B9345B /* CodexExecutableLocator.swift */,
			);
			path = Executable;
			sourceTree = "<group>";
		};
		D0E519DA81F5A27373E85EFB /* PetHalo */ = {
			isa = PBXGroup;
			children = (
				EFDFFBEE2338B199903FFC34 /* Application */,
				3F35DF196A48AD75C38838F4 /* Halo */,
				6D93A514CB5298F282799C65 /* MenuBar */,
				7BC81B05DBBB035934A21287 /* WindowFollowing */,
			);
			path = PetHalo;
			sourceTree = "<group>";
		};
		DAD7DF34494DA8242C1A2C75 /* Compatibility */ = {
			isa = PBXGroup;
			children = (
				B336F289A511EC4583E9A267 /* CodexProtocolCompatibility.swift */,
			);
			path = Compatibility;
			sourceTree = "<group>";
		};
		E49F605906F51C7ADD23CB72 = {
			isa = PBXGroup;
			children = (
				D0E519DA81F5A27373E85EFB /* PetHalo */,
				5E8828B04ABAFC529FAF2CF6 /* PetHaloCore */,
				5DD985D94E4A7165EBF7B022 /* PetHaloCoreTests */,
				A738DD2FAB8806160AEB3098 /* PetHaloTests */,
				121527520F79EE8894308AF0 /* Products */,
			);
			sourceTree = "<group>";
		};
		EFDFFBEE2338B199903FFC34 /* Application */ = {
			isa = PBXGroup;
			children = (
				53D191FCB6E05C2EDFDD855C /* AppDelegate.swift */,
				F55331779FEB25CD5A3B9912 /* ApplicationCoordinator.swift */,
				46B738427C1831977BD2BC5E /* AppVersion.swift */,
				C2D8C3263630349D92C95DE2 /* PetHaloApp.swift */,
			);
			path = Application;
			sourceTree = "<group>";
		};
/* End PBXGroup section */

/* Begin PBXNativeTarget section */
		7973ADFDBE7945DA9185FCC3 /* PetHaloTests */ = {
			isa = PBXNativeTarget;
			buildConfigurationList = B4E2DEDB5FF42ED105C361C1 /* Build configuration list for PBXNativeTarget "PetHaloTests" */;
			buildPhases = (
				5BA36E9F5FFD8F5F8360418F /* Sources */,
			);
			buildRules = (
			);
			dependencies = (
				39BF6DD69729A0597E9A80E0 /* PBXTargetDependency */,
			);
			name = PetHaloTests;
			packageProductDependencies = (
			);
			productName = PetHaloTests;
			productReference = 1992ED33BCBCA92C41D8691B /* PetHaloTests.xctest */;
			productType = "com.apple.product-type.bundle.unit-test";
		};
		81E40D7737303136A2A6FCF5 /* PetHaloCoreTests */ = {
			isa = PBXNativeTarget;
			buildConfigurationList = AB55322ABD5B5E619A4DCC3F /* Build configuration list for PBXNativeTarget "PetHaloCoreTests" */;
			buildPhases = (
				573124BCA3817085F2397E11 /* Sources */,
				53F064A3BE1551686873A8D1 /* Resources */,
				ED4DBAF26EC929D7E4F8C032 /* Frameworks */,
				BEDB4408C3B2E609011D3710 /* Embed Frameworks */,
			);
			buildRules = (
			);
			dependencies = (
				7E4DEEB3FBAA8809F4CFDB34 /* PBXTargetDependency */,
			);
			name = PetHaloCoreTests;
			packageProductDependencies = (
			);
			productName = PetHaloCoreTests;
			productReference = 7AF1978CC2FC88E214BCA7F9 /* PetHaloCoreTests.xctest */;
			productType = "com.apple.product-type.bundle.unit-test";
		};
		A264EF8D58E7D5DC6BDB9DE7 /* PetHalo */ = {
			isa = PBXNativeTarget;
			buildConfigurationList = BC7D182CB6A80CBB9E052B8E /* Build configuration list for PBXNativeTarget "PetHalo" */;
			buildPhases = (
				84E69E2761A91D058100412A /* Sources */,
				C5A52B16FD9250885DB22D9B /* Frameworks */,
				2C2AEA19E77B0DDA344AF2CF /* Embed Frameworks */,
			);
			buildRules = (
			);
			dependencies = (
				4B0F73E646E42D39DA6799E8 /* PBXTargetDependency */,
			);
			name = PetHalo;
			packageProductDependencies = (
			);
			productName = PetHalo;
			productReference = 94248589065E76AD0F4ED8AC /* Pet Halo.app */;
			productType = "com.apple.product-type.application";
		};
		BCB68AFB4B488FA0991EB9DC /* PetHaloCore */ = {
			isa = PBXNativeTarget;
			buildConfigurationList = DD3822D97D0A9A4656CCD7B1 /* Build configuration list for PBXNativeTarget "PetHaloCore" */;
			buildPhases = (
				335686C6EE050EC33C47C2F1 /* Sources */,
			);
			buildRules = (
			);
			dependencies = (
			);
			name = PetHaloCore;
			packageProductDependencies = (
			);
			productName = PetHaloCore;
			productReference = 31E285D59ED6AC3404B469E7 /* PetHaloCore.framework */;
			productType = "com.apple.product-type.framework";
		};
/* End PBXNativeTarget section */

/* Begin PBXProject section */
		9F67A9BD9A3E7711A3FE43F7 /* Project object */ = {
			isa = PBXProject;
			attributes = {
				BuildIndependentTargetsInParallel = YES;
				LastUpgradeCheck = 1430;
				TargetAttributes = {
					A264EF8D58E7D5DC6BDB9DE7 = {
						ProvisioningStyle = Automatic;
					};
				};
			};
			buildConfigurationList = 9AF707BBFE0A583B4D727966 /* Build configuration list for PBXProject "PetHalo" */;
			developmentRegion = en;
			hasScannedForEncodings = 0;
			knownRegions = (
				Base,
				en,
			);
			mainGroup = E49F605906F51C7ADD23CB72;
			minimizedProjectReferenceProxies = 1;
			preferredProjectObjectVersion = 77;
			productRefGroup = 121527520F79EE8894308AF0 /* Products */;
			projectDirPath = "";
			projectRoot = "";
			targets = (
				BCB68AFB4B488FA0991EB9DC /* PetHaloCore */,
				A264EF8D58E7D5DC6BDB9DE7 /* PetHalo */,
				7973ADFDBE7945DA9185FCC3 /* PetHaloTests */,
				81E40D7737303136A2A6FCF5 /* PetHaloCoreTests */,
			);
		};
/* End PBXProject section */

/* Begin PBXResourcesBuildPhase section */
		53F064A3BE1551686873A8D1 /* Resources */ = {
			isa = PBXResourcesBuildPhase;
			buildActionMask = 2147483647;
			files = (
				A3B0A5F98A48C63479A9750B /* fake_app_server.py in Resources */,
			);
			runOnlyForDeploymentPostprocessing = 0;
		};
/* End PBXResourcesBuildPhase section */

/* Begin PBXSourcesBuildPhase section */
		335686C6EE050EC33C47C2F1 /* Sources */ = {
			isa = PBXSourcesBuildPhase;
			buildActionMask = 2147483647;
			files = (
				DDD45601CDD8492D15B983F2 /* CodexAppServerProcess.swift in Sources */,
				D2FFBE559B6AB8DB3A6695E8 /* CodexExecutableLocator.swift in Sources */,
				87EB7A8D40582EB085B22FA9 /* CodexProtocolCompatibility.swift in Sources */,
				A68F15C9B4840A0FDEEF24EE /* CodexProtocolDTOs.swift in Sources */,
				B019390F2CB3AFFC26C82128 /* CodexUsageService.swift in Sources */,
				B8C05825FDF8E1EFF062AFED /* JSONLFramer.swift in Sources */,
				56C0090D0694F70E7A0A0235 /* JSONRPCClient.swift in Sources */,
				29E17286FD2FA6A43597418D /* JSONValue.swift in Sources */,
				18BF5FABFA1AA1392FF0FBEA /* UsageModels.swift in Sources */,
			);
			runOnlyForDeploymentPostprocessing = 0;
		};
		573124BCA3817085F2397E11 /* Sources */ = {
			isa = PBXSourcesBuildPhase;
			buildActionMask = 2147483647;
			files = (
				6098B69858EB884122CECCC8 /* CodexAppServerProcessTests.swift in Sources */,
				2DF328ADE99FFFADADBBA921 /* CodexExecutableLocatorTests.swift in Sources */,
				ACBB2FC8FA0B41B6934FD0E5 /* CodexUsageServiceTests.swift in Sources */,
				22F9A2E954B2016416E2BA64 /* JSONLFramerTests.swift in Sources */,
				95C38E0BF2EAD5A51FF92659 /* JSONRPCClientTests.swift in Sources */,
				8CBEED4568B022F8F1FC9A4F /* RealCodexSmokeTests.swift in Sources */,
				AEB5A21C391F288A8542FE6D /* UsageModelsTests.swift in Sources */,
			);
			runOnlyForDeploymentPostprocessing = 0;
		};
		5BA36E9F5FFD8F5F8360418F /* Sources */ = {
			isa = PBXSourcesBuildPhase;
			buildActionMask = 2147483647;
			files = (
				9AF8ABE12EA2B676FB68B516 /* AppVersionTests.swift in Sources */,
				277EB1F0053224E5DAB1DC9C /* ApplicationCoordinatorTests.swift in Sources */,
				711A8ABD501119D8AF2ADF46 /* HaloAccessibilityTests.swift in Sources */,
				DDFCF83D34A93E9EAD1F0A03 /* HaloPanelTests.swift in Sources */,
				9E4B2229D6BA2D232D11CDE3 /* HaloPresentationMapperTests.swift in Sources */,
				07DC8F21E84C010449858D59 /* WindowFollowingModelsTests.swift in Sources */,
				664E75B91E5405A2F5C1467C /* WindowFollowingServiceTests.swift in Sources */,
				A90187110799104E26965052 /* WindowFollowingSystemTests.swift in Sources */,
			);
			runOnlyForDeploymentPostprocessing = 0;
		};
		84E69E2761A91D058100412A /* Sources */ = {
			isa = PBXSourcesBuildPhase;
			buildActionMask = 2147483647;
			files = (
				1989C171DE35638239CEFDB5 /* AppDelegate.swift in Sources */,
				EACA08B2BF7B74CE4252E07F /* AppVersion.swift in Sources */,
				AE3B8D535C6E223A5AFF1A6A /* ApplicationCoordinator.swift in Sources */,
				6DF192CC2CB5DA0986C4A0A9 /* ApplicationMenuModel.swift in Sources */,
				ECAD4B41C98C961FF9B0B64C /* HaloAccessibility.swift in Sources */,
				CCC001B991CD1BDECCF7D095 /* HaloCompactView.swift in Sources */,
				84BF97788759A2E86556F248 /* HaloExpandedView.swift in Sources */,
				5059C97F0934FB6D1E3EDAFD /* HaloPanel.swift in Sources */,
				79194AD7CDE5DA712CCCE378 /* HaloPanelController.swift in Sources */,
				C176F4228526AF251652C480 /* HaloPresentationMapper.swift in Sources */,
				FEA6A99B54F0D33C0EC13A45 /* HaloPresentationMode.swift in Sources */,
				06FF249CF73ABA9AFC9DAAB5 /* HaloPresentationModel.swift in Sources */,
				2E0AB5518FA0B350AD39B425 /* HaloView.swift in Sources */,
				171B9C8965C06CA84D826CE4 /* PetHaloApp.swift in Sources */,
				BDB8F8E7A3D150F459B932D9 /* SystemWindowFollowing.swift in Sources */,
				ED0211E6E8C738879E6036A0 /* WindowFollowingModels.swift in Sources */,
				0324F3721AAE50650FAA2130 /* WindowFollowingPreferences.swift in Sources */,
				F5DC611B834CA8FE1E64014D /* WindowFollowingService.swift in Sources */,
			);
			runOnlyForDeploymentPostprocessing = 0;
		};
/* End PBXSourcesBuildPhase section */

/* Begin PBXTargetDependency section */
		39BF6DD69729A0597E9A80E0 /* PBXTargetDependency */ = {
			isa = PBXTargetDependency;
			target = A264EF8D58E7D5DC6BDB9DE7 /* PetHalo */;
			targetProxy = B1651BA2A50F794A9B4E1057 /* PBXContainerItemProxy */;
		};
		4B0F73E646E42D39DA6799E8 /* PBXTargetDependency */ = {
			isa = PBXTargetDependency;
			target = BCB68AFB4B488FA0991EB9DC /* PetHaloCore */;
			targetProxy = E8AF75ED3461290306F24134 /* PBXContainerItemProxy */;
		};
		7E4DEEB3FBAA8809F4CFDB34 /* PBXTargetDependency */ = {
			isa = PBXTargetDependency;
			target = BCB68AFB4B488FA0991EB9DC /* PetHaloCore */;
			targetProxy = 353FD8C22171FACB7EA1EA57 /* PBXContainerItemProxy */;
		};
/* End PBXTargetDependency section */

/* Begin XCBuildConfiguration section */
		0CC348CE74B451D86284AB5D /* Debug */ = {
			isa = XCBuildConfiguration;
			buildSettings = {
				BUNDLE_LOADER = "$(TEST_HOST)";
				CODE_SIGNING_ALLOWED = NO;
				COMBINE_HIDPI_IMAGES = YES;
				GENERATE_INFOPLIST_FILE = YES;
				LD_RUNPATH_SEARCH_PATHS = (
					"$(inherited)",
					"@executable_path/../Frameworks",
					"@loader_path/../Frameworks",
				);
				PRODUCT_BUNDLE_IDENTIFIER = io.github.jianshicodes.PetHaloTests;
				SDKROOT = macosx;
				TEST_HOST = "$(BUILT_PRODUCTS_DIR)/Pet Halo.app/Contents/MacOS/Pet Halo";
			};
			name = Debug;
		};
		1243FF95AB081C42C23CA73B /* Release */ = {
			isa = XCBuildConfiguration;
			buildSettings = {
				ASSETCATALOG_COMPILER_APPICON_NAME = AppIcon;
				CODE_SIGN_STYLE = Automatic;
				COMBINE_HIDPI_IMAGES = YES;
				CURRENT_PROJECT_VERSION = 1;
				GENERATE_INFOPLIST_FILE = NO;
				INFOPLIST_FILE = Config/Info.plist;
				LD_RUNPATH_SEARCH_PATHS = (
					"$(inherited)",
					"@executable_path/../Frameworks",
				);
				MARKETING_VERSION = 0.1.0;
				PRODUCT_BUNDLE_IDENTIFIER = io.github.jianshicodes.PetHalo;
				PRODUCT_MODULE_NAME = PetHalo;
				PRODUCT_NAME = "Pet Halo";
				SDKROOT = macosx;
			};
			name = Release;
		};
		2493DF781AB37687BC48D0A9 /* Debug */ = {
			isa = XCBuildConfiguration;
			buildSettings = {
				CODE_SIGNING_ALLOWED = NO;
				CODE_SIGN_IDENTITY = "";
				COMBINE_HIDPI_IMAGES = YES;
				CURRENT_PROJECT_VERSION = 1;
				DEFINES_MODULE = YES;
				DYLIB_COMPATIBILITY_VERSION = 1;
				DYLIB_CURRENT_VERSION = 1;
				DYLIB_INSTALL_NAME_BASE = "@rpath";
				GENERATE_INFOPLIST_FILE = YES;
				INSTALL_PATH = "$(LOCAL_LIBRARY_DIR)/Frameworks";
				LD_RUNPATH_SEARCH_PATHS = (
					"$(inherited)",
					"@executable_path/../Frameworks",
				);
				PRODUCT_BUNDLE_IDENTIFIER = io.github.jianshicodes.PetHaloCore;
				SDKROOT = macosx;
				SKIP_INSTALL = YES;
				VERSIONING_SYSTEM = "apple-generic";
			};
			name = Debug;
		};
		5179C9295F26D91B36BD8C1C /* Release */ = {
			isa = XCBuildConfiguration;
			buildSettings = {
				BUNDLE_LOADER = "$(TEST_HOST)";
				CODE_SIGNING_ALLOWED = NO;
				COMBINE_HIDPI_IMAGES = YES;
				GENERATE_INFOPLIST_FILE = YES;
				LD_RUNPATH_SEARCH_PATHS = (
					"$(inherited)",
					"@executable_path/../Frameworks",
					"@loader_path/../Frameworks",
				);
				PRODUCT_BUNDLE_IDENTIFIER = io.github.jianshicodes.PetHaloTests;
				SDKROOT = macosx;
				TEST_HOST = "$(BUILT_PRODUCTS_DIR)/Pet Halo.app/Contents/MacOS/Pet Halo";
			};
			name = Release;
		};
		84C560965178DA94E8F2ABF7 /* Debug */ = {
			isa = XCBuildConfiguration;
			buildSettings = {
				ALWAYS_SEARCH_USER_PATHS = NO;
				CLANG_ANALYZER_NONNULL = YES;
				CLANG_ANALYZER_NUMBER_OBJECT_CONVERSION = YES_AGGRESSIVE;
				CLANG_CXX_LANGUAGE_STANDARD = "gnu++14";
				CLANG_CXX_LIBRARY = "libc++";
				CLANG_ENABLE_MODULES = YES;
				CLANG_ENABLE_OBJC_ARC = YES;
				CLANG_ENABLE_OBJC_WEAK = YES;
				CLANG_WARN_BLOCK_CAPTURE_AUTORELEASING = YES;
				CLANG_WARN_BOOL_CONVERSION = YES;
				CLANG_WARN_COMMA = YES;
				CLANG_WARN_CONSTANT_CONVERSION = YES;
				CLANG_WARN_DEPRECATED_OBJC_IMPLEMENTATIONS = YES;
				CLANG_WARN_DIRECT_OBJC_ISA_USAGE = YES_ERROR;
				CLANG_WARN_DOCUMENTATION_COMMENTS = YES;
				CLANG_WARN_EMPTY_BODY = YES;
				CLANG_WARN_ENUM_CONVERSION = YES;
				CLANG_WARN_INFINITE_RECURSION = YES;
				CLANG_WARN_INT_CONVERSION = YES;
				CLANG_WARN_NON_LITERAL_NULL_CONVERSION = YES;
				CLANG_WARN_OBJC_IMPLICIT_RETAIN_SELF = YES;
				CLANG_WARN_OBJC_LITERAL_CONVERSION = YES;
				CLANG_WARN_OBJC_ROOT_CLASS = YES_ERROR;
				CLANG_WARN_QUOTED_INCLUDE_IN_FRAMEWORK_HEADER = YES;
				CLANG_WARN_RANGE_LOOP_ANALYSIS = YES;
				CLANG_WARN_STRICT_PROTOTYPES = YES;
				CLANG_WARN_SUSPICIOUS_MOVE = YES;
				CLANG_WARN_UNGUARDED_AVAILABILITY = YES_AGGRESSIVE;
				CLANG_WARN_UNREACHABLE_CODE = YES;
				CLANG_WARN__DUPLICATE_METHOD_MATCH = YES;
				COPY_PHASE_STRIP = NO;
				DEBUG_INFORMATION_FORMAT = dwarf;
				ENABLE_STRICT_OBJC_MSGSEND = YES;
				ENABLE_TESTABILITY = YES;
				ENABLE_USER_SCRIPT_SANDBOXING = YES;
				GCC_C_LANGUAGE_STANDARD = gnu11;
				GCC_DYNAMIC_NO_PIC = NO;
				GCC_NO_COMMON_BLOCKS = YES;
				GCC_OPTIMIZATION_LEVEL = 0;
				GCC_PREPROCESSOR_DEFINITIONS = (
					"$(inherited)",
					"DEBUG=1",
				);
				GCC_WARN_64_TO_32_BIT_CONVERSION = YES;
				GCC_WARN_ABOUT_RETURN_TYPE = YES_ERROR;
				GCC_WARN_UNDECLARED_SELECTOR = YES;
				GCC_WARN_UNINITIALIZED_AUTOS = YES_AGGRESSIVE;
				GCC_WARN_UNUSED_FUNCTION = YES;
				GCC_WARN_UNUSED_VARIABLE = YES;
				MACOSX_DEPLOYMENT_TARGET = 14.0;
				MTL_ENABLE_DEBUG_INFO = INCLUDE_SOURCE;
				MTL_FAST_MATH = YES;
				ONLY_ACTIVE_ARCH = YES;
				PRODUCT_NAME = "$(TARGET_NAME)";
				SDKROOT = macosx;
				SWIFT_ACTIVE_COMPILATION_CONDITIONS = DEBUG;
				SWIFT_OPTIMIZATION_LEVEL = "-Onone";
				SWIFT_STRICT_CONCURRENCY = complete;
				SWIFT_VERSION = 6.0;
			};
			name = Debug;
		};
		9049278236C0AD8481F608FF /* Debug */ = {
			isa = XCBuildConfiguration;
			buildSettings = {
				BUNDLE_LOADER = "$(TEST_HOST)";
				CODE_SIGNING_ALLOWED = NO;
				COMBINE_HIDPI_IMAGES = YES;
				GENERATE_INFOPLIST_FILE = YES;
				LD_RUNPATH_SEARCH_PATHS = (
					"$(inherited)",
					"@executable_path/../Frameworks",
					"@loader_path/../Frameworks",
				);
				PRODUCT_BUNDLE_IDENTIFIER = io.github.jianshicodes.PetHaloCoreTests;
				SDKROOT = macosx;
			};
			name = Debug;
		};
		A2B3E5AA6629F0488F8B4BEB /* Debug */ = {
			isa = XCBuildConfiguration;
			buildSettings = {
				ASSETCATALOG_COMPILER_APPICON_NAME = AppIcon;
				CODE_SIGN_STYLE = Automatic;
				COMBINE_HIDPI_IMAGES = YES;
				CURRENT_PROJECT_VERSION = 1;
				GENERATE_INFOPLIST_FILE = NO;
				INFOPLIST_FILE = Config/Info.plist;
				LD_RUNPATH_SEARCH_PATHS = (
					"$(inherited)",
					"@executable_path/../Frameworks",
				);
				MARKETING_VERSION = 0.1.0;
				PRODUCT_BUNDLE_IDENTIFIER = io.github.jianshicodes.PetHalo;
				PRODUCT_MODULE_NAME = PetHalo;
				PRODUCT_NAME = "Pet Halo";
				SDKROOT = macosx;
			};
			name = Debug;
		};
		B656DDDD5588DFDE25491AAA /* Release */ = {
			isa = XCBuildConfiguration;
			buildSettings = {
				BUNDLE_LOADER = "$(TEST_HOST)";
				CODE_SIGNING_ALLOWED = NO;
				COMBINE_HIDPI_IMAGES = YES;
				GENERATE_INFOPLIST_FILE = YES;
				LD_RUNPATH_SEARCH_PATHS = (
					"$(inherited)",
					"@executable_path/../Frameworks",
					"@loader_path/../Frameworks",
				);
				PRODUCT_BUNDLE_IDENTIFIER = io.github.jianshicodes.PetHaloCoreTests;
				SDKROOT = macosx;
			};
			name = Release;
		};
		CBA2D849CC725D2167ECF5C3 /* Release */ = {
			isa = XCBuildConfiguration;
			buildSettings = {
				ALWAYS_SEARCH_USER_PATHS = NO;
				CLANG_ANALYZER_NONNULL = YES;
				CLANG_ANALYZER_NUMBER_OBJECT_CONVERSION = YES_AGGRESSIVE;
				CLANG_CXX_LANGUAGE_STANDARD = "gnu++14";
				CLANG_CXX_LIBRARY = "libc++";
				CLANG_ENABLE_MODULES = YES;
				CLANG_ENABLE_OBJC_ARC = YES;
				CLANG_ENABLE_OBJC_WEAK = YES;
				CLANG_WARN_BLOCK_CAPTURE_AUTORELEASING = YES;
				CLANG_WARN_BOOL_CONVERSION = YES;
				CLANG_WARN_COMMA = YES;
				CLANG_WARN_CONSTANT_CONVERSION = YES;
				CLANG_WARN_DEPRECATED_OBJC_IMPLEMENTATIONS = YES;
				CLANG_WARN_DIRECT_OBJC_ISA_USAGE = YES_ERROR;
				CLANG_WARN_DOCUMENTATION_COMMENTS = YES;
				CLANG_WARN_EMPTY_BODY = YES;
				CLANG_WARN_ENUM_CONVERSION = YES;
				CLANG_WARN_INFINITE_RECURSION = YES;
				CLANG_WARN_INT_CONVERSION = YES;
				CLANG_WARN_NON_LITERAL_NULL_CONVERSION = YES;
				CLANG_WARN_OBJC_IMPLICIT_RETAIN_SELF = YES;
				CLANG_WARN_OBJC_LITERAL_CONVERSION = YES;
				CLANG_WARN_OBJC_ROOT_CLASS = YES_ERROR;
				CLANG_WARN_QUOTED_INCLUDE_IN_FRAMEWORK_HEADER = YES;
				CLANG_WARN_RANGE_LOOP_ANALYSIS = YES;
				CLANG_WARN_STRICT_PROTOTYPES = YES;
				CLANG_WARN_SUSPICIOUS_MOVE = YES;
				CLANG_WARN_UNGUARDED_AVAILABILITY = YES_AGGRESSIVE;
				CLANG_WARN_UNREACHABLE_CODE = YES;
				CLANG_WARN__DUPLICATE_METHOD_MATCH = YES;
				COPY_PHASE_STRIP = NO;
				DEBUG_INFORMATION_FORMAT = "dwarf-with-dsym";
				ENABLE_NS_ASSERTIONS = NO;
				ENABLE_STRICT_OBJC_MSGSEND = YES;
				ENABLE_USER_SCRIPT_SANDBOXING = YES;
				GCC_C_LANGUAGE_STANDARD = gnu11;
				GCC_NO_COMMON_BLOCKS = YES;
				GCC_WARN_64_TO_32_BIT_CONVERSION = YES;
				GCC_WARN_ABOUT_RETURN_TYPE = YES_ERROR;
				GCC_WARN_UNDECLARED_SELECTOR = YES;
				GCC_WARN_UNINITIALIZED_AUTOS = YES_AGGRESSIVE;
				GCC_WARN_UNUSED_FUNCTION = YES;
				GCC_WARN_UNUSED_VARIABLE = YES;
				MACOSX_DEPLOYMENT_TARGET = 14.0;
				MTL_ENABLE_DEBUG_INFO = NO;
				MTL_FAST_MATH = YES;
				PRODUCT_NAME = "$(TARGET_NAME)";
				SDKROOT = macosx;
				SWIFT_COMPILATION_MODE = wholemodule;
				SWIFT_OPTIMIZATION_LEVEL = "-O";
				SWIFT_STRICT_CONCURRENCY = complete;
				SWIFT_VERSION = 6.0;
			};
			name = Release;
		};
		D454F54991F0C79EB3EB5A45 /* Release */ = {
			isa = XCBuildConfiguration;
			buildSettings = {
				CODE_SIGNING_ALLOWED = NO;
				CODE_SIGN_IDENTITY = "";
				COMBINE_HIDPI_IMAGES = YES;
				CURRENT_PROJECT_VERSION = 1;
				DEFINES_MODULE = YES;
				DYLIB_COMPATIBILITY_VERSION = 1;
				DYLIB_CURRENT_VERSION = 1;
				DYLIB_INSTALL_NAME_BASE = "@rpath";
				GENERATE_INFOPLIST_FILE = YES;
				INSTALL_PATH = "$(LOCAL_LIBRARY_DIR)/Frameworks";
				LD_RUNPATH_SEARCH_PATHS = (
					"$(inherited)",
					"@executable_path/../Frameworks",
				);
				PRODUCT_BUNDLE_IDENTIFIER = io.github.jianshicodes.PetHaloCore;
				SDKROOT = macosx;
				SKIP_INSTALL = YES;
				VERSIONING_SYSTEM = "apple-generic";
			};
			name = Release;
		};
/* End XCBuildConfiguration section */

/* Begin XCConfigurationList section */
		9AF707BBFE0A583B4D727966 /* Build configuration list for PBXProject "PetHalo" */ = {
			isa = XCConfigurationList;
			buildConfigurations = (
				84C560965178DA94E8F2ABF7 /* Debug */,
				CBA2D849CC725D2167ECF5C3 /* Release */,
			);
			defaultConfigurationIsVisible = 0;
			defaultConfigurationName = Debug;
		};
		AB55322ABD5B5E619A4DCC3F /* Build configuration list for PBXNativeTarget "PetHaloCoreTests" */ = {
			isa = XCConfigurationList;
			buildConfigurations = (
				9049278236C0AD8481F608FF /* Debug */,
				B656DDDD5588DFDE25491AAA /* Release */,
			);
			defaultConfigurationIsVisible = 0;
			defaultConfigurationName = Debug;
		};
		B4E2DEDB5FF42ED105C361C1 /* Build configuration list for PBXNativeTarget "PetHaloTests" */ = {
			isa = XCConfigurationList;
			buildConfigurations = (
				0CC348CE74B451D86284AB5D /* Debug */,
				5179C9295F26D91B36BD8C1C /* Release */,
			);
			defaultConfigurationIsVisible = 0;
			defaultConfigurationName = Debug;
		};
		BC7D182CB6A80CBB9E052B8E /* Build configuration list for PBXNativeTarget "PetHalo" */ = {
			isa = XCConfigurationList;
			buildConfigurations = (
				A2B3E5AA6629F0488F8B4BEB /* Debug */,
				1243FF95AB081C42C23CA73B /* Release */,
			);
			defaultConfigurationIsVisible = 0;
			defaultConfigurationName = Debug;
		};
		DD3822D97D0A9A4656CCD7B1 /* Build configuration list for PBXNativeTarget "PetHaloCore" */ = {
			isa = XCConfigurationList;
			buildConfigurations = (
				2493DF781AB37687BC48D0A9 /* Debug */,
				D454F54991F0C79EB3EB5A45 /* Release */,
			);
			defaultConfigurationIsVisible = 0;
			defaultConfigurationName = Debug;
		};
/* End XCConfigurationList section */
	};
	rootObject = 9F67A9BD9A3E7711A3FE43F7 /* Project object */;
}
